
Microsoft Visual Studio Solution File, Format Version 12.00
# Visual Studio Version 17
VisualStudioVersion = 17.11.35327.3
MinimumVisualStudioVersion = 10.0.40219.1
Project("{FAE04EC0-301F-11D3-BF4B-00C04F79EFBC}") = "Creep", "Creep\Creep.csproj", "{C8CA84B6-20C2-429C-8A21-7ED6DE8A02C3}"
EndProject
Global
	GlobalSection(SolutionConfigurationPlatforms) = preSolution
		Debug|Any CPU = Debug|Any CPU
		Release|Any CPU = Release|Any CPU
	EndGlobalSection
	GlobalSection(ProjectConfigurationPlatforms) = postSolution
		{C8CA84B6-20C2-429C-8A21-7ED6DE8A02C3}.Debug|Any CPU.ActiveCfg = Debug|Any CPU
		{C8CA84B6-20C2-429C-8A21-7ED6DE8A02C3}.Debug|Any CPU.Build.0 = Debug|Any CPU
		{C8CA84B6-20C2-429C-8A21-7ED6DE8A02C3}.Release|Any CPU.ActiveCfg = Release|Any CPU
		{C8CA84B6-20C2-429C-8A21-7ED6DE8A02C3}.Release|Any CPU.Build.0 = Release|Any CPU
	EndGlobalSection
	GlobalSection(SolutionProperties) = preSolution
		HideSolutionNode = FALSE
	EndGlobalSection
	GlobalSection(ExtensibilityGlobals) = postSolution
		SolutionGuid = {0D1137BF-53B2-4F42-83D4-905925C8E6EC}
	EndGlobalSection
EndGlobal
